// !$*UTF8*$!
{
	archiveVersion = 1;
	classes = {
	};
	objectVersion = 56;
	objects = {

/* Begin PBXBuildFile section */
		71EFD77E2B5C93270009A342 /* ThatGirlApp.swift in Sources */ = {isa = PBXBuildFile; fileRef = 71EFD77D2B5C93270009A342 /* ThatGirlApp.swift */; };
		71EFD7802B5C93270009A342 /* ContentView.swift in Sources */ = {isa = PBXBuildFile; fileRef = 71EFD77F2B5C93270009A342 /* ContentView.swift */; };
		71EFD7822B5C93280009A342 /* Assets.xcassets in Resources */ = {isa = PBXBuildFile; fileRef = 71EFD7812B5C93280009A342 /* Assets.xcassets */; };
		71EFD7852B5C93280009A342 /* Preview Assets.xcassets in Resources */ = {isa = PBXBuildFile; fileRef = 71EFD7842B5C93280009A342 /* Preview Assets.xcassets */; };
		71EFD78F2B5C93280009A342 /* ThatGirlTests.swift in Sources */ = {isa = PBXBuildFile; fileRef = 71EFD78E2B5C93280009A342 /* ThatGirlTests.swift */; };
		71EFD7992B5C93280009A342 /* ThatGirlUITests.swift in Sources */ = {isa = PBXBuildFile; fileRef = 71EFD7982B5C93280009A342 /* ThatGirlUITests.swift */; };
		71EFD79B2B5C93280009A342 /* ThatGirlUITestsLaunchTests.swift in Sources */ = {isa = PBXBuildFile; fileRef = 71EFD79A2B5C93280009A342 /* ThatGirlUITestsLaunchTests.swift */; };
		71EFD7A82B5C93AD0009A342 /* GoogleService-Info.plist in Resources */ = {isa = PBXBuildFile; fileRef = 71EFD7A72B5C93AD0009A342 /* GoogleService-Info.plist */; };
		71EFD7AB2B5C94040009A342 /* FirebaseAnalytics in Frameworks */ = {isa = PBXBuildFile; productRef = 71EFD7AA2B5C94040009A342 /* FirebaseAnalytics */; };
		71EFD7AD2B5C94040009A342 /* FirebaseAnalyticsSwift in Frameworks */ = {isa = PBXBuildFile; productRef = 71EFD7AC2B5C94040009A342 /* FirebaseAnalyticsSwift */; };
		71EFD7AF2B5C94040009A342 /* FirebaseAuth in Frameworks */ = {isa = PBXBuildFile; productRef = 71EFD7AE2B5C94040009A342 /* FirebaseAuth */; };
		71EFD7B12B5C94040009A342 /* FirebaseDatabase in Frameworks */ = {isa = PBXBuildFile; productRef = 71EFD7B02B5C94040009A342 /* FirebaseDatabase */; };
		71EFD7B32B5C94040009A342 /* FirebaseDatabaseSwift in Frameworks */ = {isa = PBXBuildFile; productRef = 71EFD7B22B5C94040009A342 /* FirebaseDatabaseSwift */; };
		71EFD7B52B5C94040009A342 /* FirebaseFirestore in Frameworks */ = {isa = PBXBuildFile; productRef = 71EFD7B42B5C94040009A342 /* FirebaseFirestore */; };
		71EFD7B72B5C94040009A342 /* FirebaseFirestoreSwift in Frameworks */ = {isa = PBXBuildFile; productRef = 71EFD7B62B5C94040009A342 /* FirebaseFirestoreSwift */; };
		71EFD7B92B5C94040009A342 /* FirebaseInAppMessaging-Beta in Frameworks */ = {isa = PBXBuildFile; productRef = 71EFD7B82B5C94040009A342 /* FirebaseInAppMessaging-Beta */; };
		71EFD7BB2B5C94040009A342 /* FirebaseInAppMessagingSwift-Beta in Frameworks */ = {isa = PBXBuildFile; productRef = 71EFD7BA2B5C94040009A342 /* FirebaseInAppMessagingSwift-Beta */; };
		71EFD7BD2B5C94040009A342 /* FirebaseMessaging in Frameworks */ = {isa = PBXBuildFile; productRef = 71EFD7BC2B5C94040009A342 /* FirebaseMessaging */; };
		71EFD7BF2B5C94040009A342 /* FirebaseStorage in Frameworks */ = {isa = PBXBuildFile; productRef = 71EFD7BE2B5C94040009A342 /* FirebaseStorage */; };
		71EFD7C22B5C949F0009A342 /* LoginSignupView.swift in Sources */ = {isa = PBXBuildFile; fileRef = 71EFD7C12B5C949F0009A342 /* LoginSignupView.swift */; };
		71EFD7C42B5C94B70009A342 /* CreateProfileView.swift in Sources */ = {isa = PBXBuildFile; fileRef = 71EFD7C32B5C94B70009A342 /* CreateProfileView.swift */; };
		71EFD7C72B5C95420009A342 /* ImagePicker.swift in Sources */ = {isa = PBXBuildFile; fileRef = 71EFD7C62B5C95420009A342 /* ImagePicker.swift */; };
		71EFD7CA2B5C95FC0009A342 /* SessionStore.swift in Sources */ = {isa = PBXBuildFile; fileRef = 71EFD7C92B5C95FC0009A342 /* SessionStore.swift */; };
		71EFD7CC2B5C962D0009A342 /* LogoutLinkView.swift in Sources */ = {isa = PBXBuildFile; fileRef = 71EFD7CB2B5C962D0009A342 /* LogoutLinkView.swift */; };
		71EFD7CE2B5C96640009A342 /* FeedView.swift in Sources */ = {isa = PBXBuildFile; fileRef = 71EFD7CD2B5C96640009A342 /* FeedView.swift */; };
		71EFD7D02B5C9BF20009A342 /* DailyChecklistView.swift in Sources */ = {isa = PBXBuildFile; fileRef = 71EFD7CF2B5C9BF20009A342 /* DailyChecklistView.swift */; };
/* End PBXBuildFile section */

/* Begin PBXContainerItemProxy section */
		71EFD78B2B5C93280009A342 /* PBXContainerItemProxy */ = {
			isa = PBXContainerItemProxy;
			containerPortal = 71EFD7722B5C93270009A342 /* Project object */;
			proxyType = 1;
			remoteGlobalIDString = 71EFD7792B5C93270009A342;
			remoteInfo = ThatGirl;
		};
		71EFD7952B5C93280009A342 /* PBXContainerItemProxy */ = {
			isa = PBXContainerItemProxy;
			containerPortal = 71EFD7722B5C93270009A342 /* Project object */;
			proxyType = 1;
			remoteGlobalIDString = 71EFD7792B5C93270009A342;
			remoteInfo = ThatGirl;
		};
/* End PBXContainerItemProxy section */

/* Begin PBXFileReference section */
		71EFD77A2B5C93270009A342 /* ThatGirl.app */ = {isa = PBXFileReference; explicitFileType = wrapper.application; includeInIndex = 0; path = ThatGirl.app; sourceTree = BUILT_PRODUCTS_DIR; };
		71EFD77D2B5C93270009A342 /* ThatGirlApp.swift */ = {isa = PBXFileReference; lastKnownFileType = sourcecode.swift; path = ThatGirlApp.swift; sourceTree = "<group>"; };
		71EFD77F2B5C93270009A342 /* ContentView.swift */ = {isa = PBXFileReference; lastKnownFileType = sourcecode.swift; path = ContentView.swift; sourceTree = "<group>"; };
		71EFD7812B5C93280009A342 /* Assets.xcassets */ = {isa = PBXFileReference; lastKnownFileType = folder.assetcatalog; path = Assets.xcassets; sourceTree = "<group>"; };
		71EFD7842B5C93280009A342 /* Preview Assets.xcassets */ = {isa = PBXFileReference; lastKnownFileType = folder.assetcatalog; path = "Preview Assets.xcassets"; sourceTree = "<group>"; };
		71EFD78A2B5C93280009A342 /* ThatGirlTests.xctest */ = {isa = PBXFileReference; explicitFileType = wrapper.cfbundle; includeInIndex = 0; path = ThatGirlTests.xctest; sourceTree = BUILT_PRODUCTS_DIR; };
		71EFD78E2B5C93280009A342 /* ThatGirlTests.swift */ = {isa = PBXFileReference; lastKnownFileType = sourcecode.swift; path = ThatGirlTests.swift; sourceTree = "<group>"; };
		71EFD7942B5C93280009A342 /* ThatGirlUITests.xctest */ = {isa = PBXFileReference; explicitFileType = wrapper.cfbundle; includeInIndex = 0; path = ThatGirlUITests.xctest; sourceTree = BUILT_PRODUCTS_DIR; };
		71EFD7982B5C93280009A342 /* ThatGirlUITests.swift */ = {isa = PBXFileReference; lastKnownFileType = sourcecode.swift; path = ThatGirlUITests.swift; sourceTree = "<group>"; };
		71EFD79A2B5C93280009A342 /* ThatGirlUITestsLaunchTests.swift */ = {isa = PBXFileReference; lastKnownFileType = sourcecode.swift; path = ThatGirlUITestsLaunchTests.swift; sourceTree = "<group>"; };
		71EFD7A72B5C93AD0009A342 /* GoogleService-Info.plist */ = {isa = PBXFileReference; fileEncoding = 4; lastKnownFileType = text.plist.xml; path = "GoogleService-Info.plist"; sourceTree = "<group>"; };
		71EFD7C12B5C949F0009A342 /* LoginSignupView.swift */ = {isa = PBXFileReference; lastKnownFileType = sourcecode.swift; path = LoginSignupView.swift; sourceTree = "<group>"; };
		71EFD7C32B5C94B70009A342 /* CreateProfileView.swift */ = {isa = PBXFileReference; lastKnownFileType = sourcecode.swift; path = CreateProfileView.swift; sourceTree = "<group>"; };
		71EFD7C62B5C95420009A342 /* ImagePicker.swift */ = {isa = PBXFileReference; lastKnownFileType = sourcecode.swift; path = ImagePicker.swift; sourceTree = "<group>"; };
		71EFD7C92B5C95FC0009A342 /* SessionStore.swift */ = {isa = PBXFileReference; lastKnownFileType = sourcecode.swift; path = SessionStore.swift; sourceTree = "<group>"; };
		71EFD7CB2B5C962D0009A342 /* LogoutLinkView.swift */ = {isa = PBXFileReference; lastKnownFileType = sourcecode.swift; path = LogoutLinkView.swift; sourceTree = "<group>"; };
		71EFD7CD2B5C96640009A342 /* FeedView.swift */ = {isa = PBXFileReference; lastKnownFileType = sourcecode.swift; path = FeedView.swift; sourceTree = "<group>"; };
		71EFD7CF2B5C9BF20009A342 /* DailyChecklistView.swift */ = {isa = PBXFileReference; lastKnownFileType = sourcecode.swift; path = DailyChecklistView.swift; sourceTree = "<group>"; };
/* End PBXFileReference section */

/* Begin PBXFrameworksBuildPhase section */
		71EFD7772B5C93270009A342 /* Frameworks */ = {
			isa = PBXFrameworksBuildPhase;
			buildActionMask = 2147483647;
			files = (
				71EFD7B32B5C94040009A342 /* FirebaseDatabaseSwift in Frameworks */,
				71EFD7AD2B5C94040009A342 /* FirebaseAnalyticsSwift in Frameworks */,
				71EFD7BD2B5C94040009A342 /* FirebaseMessaging in Frameworks */,
				71EFD7AF2B5C94040009A342 /* FirebaseAuth in Frameworks */,
				71EFD7B92B5C94040009A342 /* FirebaseInAppMessaging-Beta in Frameworks */,
				71EFD7B72B5C94040009A342 /* FirebaseFirestoreSwift in Frameworks */,
				71EFD7B12B5C94040009A342 /* FirebaseDatabase in Frameworks */,
				71EFD7AB2B5C94040009A342 /* FirebaseAnalytics in Frameworks */,
				71EFD7BF2B5C94040009A342 /* FirebaseStorage in Frameworks */,
				71EFD7BB2B5C94040009A342 /* FirebaseInAppMessagingSwift-Beta in Frameworks */,
				71EFD7B52B5C94040009A342 /* FirebaseFirestore in Frameworks */,
			);
			runOnlyForDeploymentPostprocessing = 0;
		};
		71EFD7872B5C93280009A342 /* Frameworks */ = {
			isa = PBXFrameworksBuildPhase;
			buildActionMask = 2147483647;
			files = (
			);
			runOnlyForDeploymentPostprocessing = 0;
		};
		71EFD7912B5C93280009A342 /* Frameworks */ = {
			isa = PBXFrameworksBuildPhase;
			buildActionMask = 2147483647;
			files = (
			);
			runOnlyForDeploymentPostprocessing = 0;
		};
/* End PBXFrameworksBuildPhase section */

/* Begin PBXGroup section */
		71EFD7712B5C93270009A342 = {
			isa = PBXGroup;
			children = (
				71EFD77C2B5C93270009A342 /* ThatGirl */,
				71EFD78D2B5C93280009A342 /* ThatGirlTests */,
				71EFD7972B5C93280009A342 /* ThatGirlUITests */,
				71EFD77B2B5C93270009A342 /* Products */,
			);
			sourceTree = "<group>";
		};
		71EFD77B2B5C93270009A342 /* Products */ = {
			isa = PBXGroup;
			children = (
				71EFD77A2B5C93270009A342 /* ThatGirl.app */,
				71EFD78A2B5C93280009A342 /* ThatGirlTests.xctest */,
				71EFD7942B5C93280009A342 /* ThatGirlUITests.xctest */,
			);
			name = Products;
			sourceTree = "<group>";
		};
		71EFD77C2B5C93270009A342 /* ThatGirl */ = {
			isa = PBXGroup;
			children = (
				71EFD7C82B5C95F10009A342 /* Services */,
				71EFD7C52B5C952F0009A342 /* Helpers */,
				71EFD7C02B5C948F0009A342 /* Views */,
				71EFD77D2B5C93270009A342 /* ThatGirlApp.swift */,
				71EFD77F2B5C93270009A342 /* ContentView.swift */,
				71EFD7812B5C93280009A342 /* Assets.xcassets */,
				71EFD7A72B5C93AD0009A342 /* GoogleService-Info.plist */,
				71EFD7832B5C93280009A342 /* Preview Content */,
			);
			path = ThatGirl;
			sourceTree = "<group>";
		};
		71EFD7832B5C93280009A342 /* Preview Content */ = {
			isa = PBXGroup;
			children = (
				71EFD7842B5C93280009A342 /* Preview Assets.xcassets */,
			);
			path = "Preview Content";
			sourceTree = "<group>";
		};
		71EFD78D2B5C93280009A342 /* ThatGirlTests */ = {
			isa = PBXGroup;
			children = (
				71EFD78E2B5C93280009A342 /* ThatGirlTests.swift */,
			);
			path = ThatGirlTests;
			sourceTree = "<group>";
		};
		71EFD7972B5C93280009A342 /* ThatGirlUITests */ = {
			isa = PBXGroup;
			children = (
				71EFD7982B5C93280009A342 /* ThatGirlUITests.swift */,
				71EFD79A2B5C93280009A342 /* ThatGirlUITestsLaunchTests.swift */,
			);
			path = ThatGirlUITests;
			sourceTree = "<group>";
		};
		71EFD7C02B5C948F0009A342 /* Views */ = {
			isa = PBXGroup;
			children = (
				71EFD7C12B5C949F0009A342 /* LoginSignupView.swift */,
				71EFD7C32B5C94B70009A342 /* CreateProfileView.swift */,
				71EFD7CB2B5C962D0009A342 /* LogoutLinkView.swift */,
				71EFD7CD2B5C96640009A342 /* FeedView.swift */,
				71EFD7CF2B5C9BF20009A342 /* DailyChecklistView.swift */,
			);
			path = Views;
			sourceTree = "<group>";
		};
		71EFD7C52B5C952F0009A342 /* Helpers */ = {
			isa = PBXGroup;
			children = (
				71EFD7C62B5C95420009A342 /* ImagePicker.swift */,
			);
			path = Helpers;
			sourceTree = "<group>";
		};
		71EFD7C82B5C95F10009A342 /* Services */ = {
			isa = PBXGroup;
			children = (
				71EFD7C92B5C95FC0009A342 /* SessionStore.swift */,
			);
			path = Services;
			sourceTree = "<group>";
		};
/* End PBXGroup section */

/* Begin PBXNativeTarget section */
		71EFD7792B5C93270009A342 /* ThatGirl */ = {
			isa = PBXNativeTarget;
			buildConfigurationList = 71EFD79E2B5C93280009A342 /* Build configuration list for PBXNativeTarget "ThatGirl" */;
			buildPhases = (
				71EFD7762B5C93270009A342 /* Sources */,
				71EFD7772B5C93270009A342 /* Frameworks */,
				71EFD7782B5C93270009A342 /* Resources */,
			);
			buildRules = (
			);
			dependencies = (
			);
			name = ThatGirl;
			packageProductDependencies = (
				71EFD7AA2B5C94040009A342 /* FirebaseAnalytics */,
				71EFD7AC2B5C94040009A342 /* FirebaseAnalyticsSwift */,
				71EFD7AE2B5C94040009A342 /* FirebaseAuth */,
				71EFD7B02B5C94040009A342 /* FirebaseDatabase */,
				71EFD7B22B5C94040009A342 /* FirebaseDatabaseSwift */,
				71EFD7B42B5C94040009A342 /* FirebaseFirestore */,
				71EFD7B62B5C94040009A342 /* FirebaseFirestoreSwift */,
				71EFD7B82B5C94040009A342 /* FirebaseInAppMessaging-Beta */,
				71EFD7BA2B5C94040009A342 /* FirebaseInAppMessagingSwift-Beta */,
				71EFD7BC2B5C94040009A342 /* FirebaseMessaging */,
				71EFD7BE2B5C94040009A342 /* FirebaseStorage */,
			);
			productName = ThatGirl;
			productReference = 71EFD77A2B5C93270009A342 /* ThatGirl.app */;
			productType = "com.apple.product-type.application";
		};
		71EFD7892B5C93280009A342 /* ThatGirlTests */ = {
			isa = PBXNativeTarget;
			buildConfigurationList = 71EFD7A12B5C93280009A342 /* Build configuration list for PBXNativeTarget "ThatGirlTests" */;
			buildPhases = (
				71EFD7862B5C93280009A342 /* Sources */,
				71EFD7872B5C93280009A342 /* Frameworks */,
				71EFD7882B5C93280009A342 /* Resources */,
			);
			buildRules = (
			);
			dependencies = (
				71EFD78C2B5C93280009A342 /* PBXTargetDependency */,
			);
			name = ThatGirlTests;
			productName = ThatGirlTests;
			productReference = 71EFD78A2B5C93280009A342 /* ThatGirlTests.xctest */;
			productType = "com.apple.product-type.bundle.unit-test";
		};
		71EFD7932B5C93280009A342 /* ThatGirlUITests */ = {
			isa = PBXNativeTarget;
			buildConfigurationList = 71EFD7A42B5C93280009A342 /* Build configuration list for PBXNativeTarget "ThatGirlUITests" */;
			buildPhases = (
				71EFD7902B5C93280009A342 /* Sources */,
				71EFD7912B5C93280009A342 /* Frameworks */,
				71EFD7922B5C93280009A342 /* Resources */,
			);
			buildRules = (
			);
			dependencies = (
				71EFD7962B5C93280009A342 /* PBXTargetDependency */,
			);
			name = ThatGirlUITests;
			productName = ThatGirlUITests;
			productReference = 71EFD7942B5C93280009A342 /* ThatGirlUITests.xctest */;
			productType = "com.apple.product-type.bundle.ui-testing";
		};
/* End PBXNativeTarget section */

/* Begin PBXProject section */
		71EFD7722B5C93270009A342 /* Project object */ = {
			isa = PBXProject;
			attributes = {
				BuildIndependentTargetsInParallel = 1;
				LastSwiftUpdateCheck = 1430;
				LastUpgradeCheck = 1430;
				TargetAttributes = {
					71EFD7792B5C93270009A342 = {
						CreatedOnToolsVersion = 14.3.1;
					};
					71EFD7892B5C93280009A342 = {
						CreatedOnToolsVersion = 14.3.1;
						TestTargetID = 71EFD7792B5C93270009A342;
					};
					71EFD7932B5C93280009A342 = {
						CreatedOnToolsVersion = 14.3.1;
						TestTargetID = 71EFD7792B5C93270009A342;
					};
				};
			};
			buildConfigurationList = 71EFD7752B5C93270009A342 /* Build configuration list for PBXProject "ThatGirl" */;
			compatibilityVersion = "Xcode 14.0";
			developmentRegion = en;
			hasScannedForEncodings = 0;
			knownRegions = (
				en,
				Base,
			);
			mainGroup = 71EFD7712B5C93270009A342;
			packageReferences = (
				71EFD7A92B5C94040009A342 /* XCRemoteSwiftPackageReference "firebase-ios-sdk" */,
			);
			productRefGroup = 71EFD77B2B5C93270009A342 /* Products */;
			projectDirPath = "";
			projectRoot = "";
			targets = (
				71EFD7792B5C93270009A342 /* ThatGirl */,
				71EFD7892B5C93280009A342 /* ThatGirlTests */,
				71EFD7932B5C93280009A342 /* ThatGirlUITests */,
			);
		};
/* End PBXProject section */

/* Begin PBXResourcesBuildPhase section */
		71EFD7782B5C93270009A342 /* Resources */ = {
			isa = PBXResourcesBuildPhase;
			buildActionMask = 2147483647;
			files = (
				71EFD7852B5C93280009A342 /* Preview Assets.xcassets in Resources */,
				71EFD7822B5C93280009A342 /* Assets.xcassets in Resources */,
				71EFD7A82B5C93AD0009A342 /* GoogleService-Info.plist in Resources */,
			);
			runOnlyForDeploymentPostprocessing = 0;
		};
		71EFD7882B5C93280009A342 /* Resources */ = {
			isa = PBXResourcesBuildPhase;
			buildActionMask = 2147483647;
			files = (
			);
			runOnlyForDeploymentPostprocessing = 0;
		};
		71EFD7922B5C93280009A342 /* Resources */ = {
			isa = PBXResourcesBuildPhase;
			buildActionMask = 2147483647;
			files = (
			);
			runOnlyForDeploymentPostprocessing = 0;
		};
/* End PBXResourcesBuildPhase section */

/* Begin PBXSourcesBuildPhase section */
		71EFD7762B5C93270009A342 /* Sources */ = {
			isa = PBXSourcesBuildPhase;
			buildActionMask = 2147483647;
			files = (
				71EFD7D02B5C9BF20009A342 /* DailyChecklistView.swift in Sources */,
				71EFD7CE2B5C96640009A342 /* FeedView.swift in Sources */,
				71EFD7C22B5C949F0009A342 /* LoginSignupView.swift in Sources */,
				71EFD7802B5C93270009A342 /* ContentView.swift in Sources */,
				71EFD7CC2B5C962D0009A342 /* LogoutLinkView.swift in Sources */,
				71EFD7CA2B5C95FC0009A342 /* SessionStore.swift in Sources */,
				71EFD7C72B5C95420009A342 /* ImagePicker.swift in Sources */,
				71EFD7C42B5C94B70009A342 /* CreateProfileView.swift in Sources */,
				71EFD77E2B5C93270009A342 /* ThatGirlApp.swift in Sources */,
			);
			runOnlyForDeploymentPostprocessing = 0;
		};
		71EFD7862B5C93280009A342 /* Sources */ = {
			isa = PBXSourcesBuildPhase;
			buildActionMask = 2147483647;
			files = (
				71EFD78F2B5C93280009A342 /* ThatGirlTests.swift in Sources */,
			);
			runOnlyForDeploymentPostprocessing = 0;
		};
		71EFD7902B5C93280009A342 /* Sources */ = {
			isa = PBXSourcesBuildPhase;
			buildActionMask = 2147483647;
			files = (
				71EFD79B2B5C93280009A342 /* ThatGirlUITestsLaunchTests.swift in Sources */,
				71EFD7992B5C93280009A342 /* ThatGirlUITests.swift in Sources */,
			);
			runOnlyForDeploymentPostprocessing = 0;
		};
/* End PBXSourcesBuildPhase section */

/* Begin PBXTargetDependency section */
		71EFD78C2B5C93280009A342 /* PBXTargetDependency */ = {
			isa = PBXTargetDependency;
			target = 71EFD7792B5C93270009A342 /* ThatGirl */;
			targetProxy = 71EFD78B2B5C93280009A342 /* PBXContainerItemProxy */;
		};
		71EFD7962B5C93280009A342 /* PBXTargetDependency */ = {
			isa = PBXTargetDependency;
			target = 71EFD7792B5C93270009A342 /* ThatGirl */;
			targetProxy = 71EFD7952B5C93280009A342 /* PBXContainerItemProxy */;
		};
/* End PBXTargetDependency section */

/* Begin XCBuildConfiguration section */
		71EFD79C2B5C93280009A342 /* Debug */ = {
			isa = XCBuildConfiguration;
			buildSettings = {
				ALWAYS_SEARCH_USER_PATHS = NO;
				CLANG_ANALYZER_NONNULL = YES;
				CLANG_ANALYZER_NUMBER_OBJECT_CONVERSION = YES_AGGRESSIVE;
				CLANG_CXX_LANGUAGE_STANDARD = "gnu++20";
				CLANG_ENABLE_MODULES = YES;
				CLANG_ENABLE_OBJC_ARC = YES;
				CLANG_ENABLE_OBJC_WEAK = YES;
				CLANG_WARN_BLOCK_CAPTURE_AUTORELEASING = YES;
				CLANG_WARN_BOOL_CONVERSION = YES;
				CLANG_WARN_COMMA = YES;
				CLANG_WARN_CONSTANT_CONVERSION = YES;
				CLANG_WARN_DEPRECATED_OBJC_IMPLEMENTATIONS = YES;
				CLANG_WARN_DIRECT_OBJC_ISA_USAGE = YES_ERROR;
				CLANG_WARN_DOCUMENTATION_COMMENTS = YES;
				CLANG_WARN_EMPTY_BODY = YES;
				CLANG_WARN_ENUM_CONVERSION = YES;
				CLANG_WARN_INFINITE_RECURSION = YES;
				CLANG_WARN_INT_CONVERSION = YES;
				CLANG_WARN_NON_LITERAL_NULL_CONVERSION = YES;
				CLANG_WARN_OBJC_IMPLICIT_RETAIN_SELF = YES;
				CLANG_WARN_OBJC_LITERAL_CONVERSION = YES;
				CLANG_WARN_OBJC_ROOT_CLASS = YES_ERROR;
				CLANG_WARN_QUOTED_INCLUDE_IN_FRAMEWORK_HEADER = YES;
				CLANG_WARN_RANGE_LOOP_ANALYSIS = YES;
				CLANG_WARN_STRICT_PROTOTYPES = YES;
				CLANG_WARN_SUSPICIOUS_MOVE = YES;
				CLANG_WARN_UNGUARDED_AVAILABILITY = YES_AGGRESSIVE;
				CLANG_WARN_UNREACHABLE_CODE = YES;
				CLANG_WARN__DUPLICATE_METHOD_MATCH = YES;
				COPY_PHASE_STRIP = NO;
				DEBUG_INFORMATION_FORMAT = dwarf;
				ENABLE_STRICT_OBJC_MSGSEND = YES;
				ENABLE_TESTABILITY = YES;
				GCC_C_LANGUAGE_STANDARD = gnu11;
				GCC_DYNAMIC_NO_PIC = NO;
				GCC_NO_COMMON_BLOCKS = YES;
				GCC_OPTIMIZATION_LEVEL = 0;
				GCC_PREPROCESSOR_DEFINITIONS = (
					"DEBUG=1",
					"$(inherited)",
				);
				GCC_WARN_64_TO_32_BIT_CONVERSION = YES;
				GCC_WARN_ABOUT_RETURN_TYPE = YES_ERROR;
				GCC_WARN_UNDECLARED_SELECTOR = YES;
				GCC_WARN_UNINITIALIZED_AUTOS = YES_AGGRESSIVE;
				GCC_WARN_UNUSED_FUNCTION = YES;
				GCC_WARN_UNUSED_VARIABLE = YES;
				IPHONEOS_DEPLOYMENT_TARGET = 16.4;
				MTL_ENABLE_DEBUG_INFO = INCLUDE_SOURCE;
				MTL_FAST_MATH = YES;
				ONLY_ACTIVE_ARCH = YES;
				SDKROOT = iphoneos;
				SWIFT_ACTIVE_COMPILATION_CONDITIONS = DEBUG;
				SWIFT_OPTIMIZATION_LEVEL = "-Onone";
			};
			name = Debug;
		};
		71EFD79D2B5C93280009A342 /* Release */ = {
			isa = XCBuildConfiguration;
			buildSettings = {
				ALWAYS_SEARCH_USER_PATHS = NO;
				CLANG_ANALYZER_NONNULL = YES;
				CLANG_ANALYZER_NUMBER_OBJECT_CONVERSION = YES_AGGRESSIVE;
				CLANG_CXX_LANGUAGE_STANDARD = "gnu++20";
				CLANG_ENABLE_MODULES = YES;
				CLANG_ENABLE_OBJC_ARC = YES;
				CLANG_ENABLE_OBJC_WEAK = YES;
				CLANG_WARN_BLOCK_CAPTURE_AUTORELEASING = YES;
				CLANG_WARN_BOOL_CONVERSION = YES;
				CLANG_WARN_COMMA = YES;
				CLANG_WARN_CONSTANT_CONVERSION = YES;
				CLANG_WARN_DEPRECATED_OBJC_IMPLEMENTATIONS = YES;
				CLANG_WARN_DIRECT_OBJC_ISA_USAGE = YES_ERROR;
				CLANG_WARN_DOCUMENTATION_COMMENTS = YES;
				CLANG_WARN_EMPTY_BODY = YES;
				CLANG_WARN_ENUM_CONVERSION = YES;
				CLANG_WARN_INFINITE_RECURSION = YES;
				CLANG_WARN_INT_CONVERSION = YES;
				CLANG_WARN_NON_LITERAL_NULL_CONVERSION = YES;
				CLANG_WARN_OBJC_IMPLICIT_RETAIN_SELF = YES;
				CLANG_WARN_OBJC_LITERAL_CONVERSION = YES;
				CLANG_WARN_OBJC_ROOT_CLASS = YES_ERROR;
				CLANG_WARN_QUOTED_INCLUDE_IN_FRAMEWORK_HEADER = YES;
				CLANG_WARN_RANGE_LOOP_ANALYSIS = YES;
				CLANG_WARN_STRICT_PROTOTYPES = YES;
				CLANG_WARN_SUSPICIOUS_MOVE = YES;
				CLANG_WARN_UNGUARDED_AVAILABILITY = YES_AGGRESSIVE;
				CLANG_WARN_UNREACHABLE_CODE = YES;
				CLANG_WARN__DUPLICATE_METHOD_MATCH = YES;
				COPY_PHASE_STRIP = NO;
				DEBUG_INFORMATION_FORMAT = "dwarf-with-dsym";
				ENABLE_NS_ASSERTIONS = NO;
				ENABLE_STRICT_OBJC_MSGSEND = YES;
				GCC_C_LANGUAGE_STANDARD = gnu11;
				GCC_NO_COMMON_BLOCKS = YES;
				GCC_WARN_64_TO_32_BIT_CONVERSION = YES;
				GCC_WARN_ABOUT_RETURN_TYPE = YES_ERROR;
				GCC_WARN_UNDECLARED_SELECTOR = YES;
				GCC_WARN_UNINITIALIZED_AUTOS = YES_AGGRESSIVE;
				GCC_WARN_UNUSED_FUNCTION = YES;
				GCC_WARN_UNUSED_VARIABLE = YES;
				IPHONEOS_DEPLOYMENT_TARGET = 16.4;
				MTL_ENABLE_DEBUG_INFO = NO;
				MTL_FAST_MATH = YES;
				SDKROOT = iphoneos;
				SWIFT_COMPILATION_MODE = wholemodule;
				SWIFT_OPTIMIZATION_LEVEL = "-O";
				VALIDATE_PRODUCT = YES;
			};
			name = Release;
		};
		71EFD79F2B5C93280009A342 /* Debug */ = {
			isa = XCBuildConfiguration;
			buildSettings = {
				ASSETCATALOG_COMPILER_APPICON_NAME = AppIcon;
				ASSETCATALOG_COMPILER_GLOBAL_ACCENT_COLOR_NAME = AccentColor;
				CODE_SIGN_STYLE = Automatic;
				CURRENT_PROJECT_VERSION = 1;
				DEVELOPMENT_ASSET_PATHS = "\"ThatGirl/Preview Content\"";
				DEVELOPMENT_TEAM = BU499UN6DZ;
				ENABLE_PREVIEWS = YES;
				GENERATE_INFOPLIST_FILE = YES;
				INFOPLIST_KEY_UIApplicationSceneManifest_Generation = YES;
				INFOPLIST_KEY_UIApplicationSupportsIndirectInputEvents = YES;
				INFOPLIST_KEY_UILaunchScreen_Generation = YES;
				INFOPLIST_KEY_UISupportedInterfaceOrientations_iPad = "UIInterfaceOrientationPortrait UIInterfaceOrientationPortraitUpsideDown UIInterfaceOrientationLandscapeLeft UIInterfaceOrientationLandscapeRight";
				INFOPLIST_KEY_UISupportedInterfaceOrientations_iPhone = "UIInterfaceOrientationPortrait UIInterfaceOrientationLandscapeLeft UIInterfaceOrientationLandscapeRight";
				LD_RUNPATH_SEARCH_PATHS = (
					"$(inherited)",
					"@executable_path/Frameworks",
				);
				MARKETING_VERSION = 1.0;
				PRODUCT_BUNDLE_IDENTIFIER = com.nyaradzobere.ThatGirl;
				PRODUCT_NAME = "$(TARGET_NAME)";
				SWIFT_EMIT_LOC_STRINGS = YES;
				SWIFT_VERSION = 5.0;
				TARGETED_DEVICE_FAMILY = "1,2";
			};
			name = Debug;
		};
		71EFD7A02B5C93280009A342 /* Release */ = {
			isa = XCBuildConfiguration;
			buildSettings = {
				ASSETCATALOG_COMPILER_APPICON_NAME = AppIcon;
				ASSETCATALOG_COMPILER_GLOBAL_ACCENT_COLOR_NAME = AccentColor;
				CODE_SIGN_STYLE = Automatic;
				CURRENT_PROJECT_VERSION = 1;
				DEVELOPMENT_ASSET_PATHS = "\"ThatGirl/Preview Content\"";
				DEVELOPMENT_TEAM = BU499UN6DZ;
				ENABLE_PREVIEWS = YES;
				GENERATE_INFOPLIST_FILE = YES;
				INFOPLIST_KEY_UIApplicationSceneManifest_Generation = YES;
				INFOPLIST_KEY_UIApplicationSupportsIndirectInputEvents = YES;
				INFOPLIST_KEY_UILaunchScreen_Generation = YES;
				INFOPLIST_KEY_UISupportedInterfaceOrientations_iPad = "UIInterfaceOrientationPortrait UIInterfaceOrientationPortraitUpsideDown UIInterfaceOrientationLandscapeLeft UIInterfaceOrientationLandscapeRight";
				INFOPLIST_KEY_UISupportedInterfaceOrientations_iPhone = "UIInterfaceOrientationPortrait UIInterfaceOrientationLandscapeLeft UIInterfaceOrientationLandscapeRight";
				LD_RUNPATH_SEARCH_PATHS = (
					"$(inherited)",
					"@executable_path/Frameworks",
				);
				MARKETING_VERSION = 1.0;
				PRODUCT_BUNDLE_IDENTIFIER = com.nyaradzobere.ThatGirl;
				PRODUCT_NAME = "$(TARGET_NAME)";
				SWIFT_EMIT_LOC_STRINGS = YES;
				SWIFT_VERSION = 5.0;
				TARGETED_DEVICE_FAMILY = "1,2";
			};
			name = Release;
		};
		71EFD7A22B5C93280009A342 /* Debug */ = {
			isa = XCBuildConfiguration;
			buildSettings = {
				ALWAYS_EMBED_SWIFT_STANDARD_LIBRARIES = YES;
				BUNDLE_LOADER = "$(TEST_HOST)";
				CODE_SIGN_STYLE = Automatic;
				CURRENT_PROJECT_VERSION = 1;
				DEVELOPMENT_TEAM = BU499UN6DZ;
				GENERATE_INFOPLIST_FILE = YES;
				IPHONEOS_DEPLOYMENT_TARGET = 16.4;
				MARKETING_VERSION = 1.0;
				PRODUCT_BUNDLE_IDENTIFIER = com.nyaradzobere.ThatGirlTests;
				PRODUCT_NAME = "$(TARGET_NAME)";
				SWIFT_EMIT_LOC_STRINGS = NO;
				SWIFT_VERSION = 5.0;
				TARGETED_DEVICE_FAMILY = "1,2";
				TEST_HOST = "$(BUILT_PRODUCTS_DIR)/ThatGirl.app/$(BUNDLE_EXECUTABLE_FOLDER_PATH)/ThatGirl";
			};
			name = Debug;
		};
		71EFD7A32B5C93280009A342 /* Release */ = {
			isa = XCBuildConfiguration;
			buildSettings = {
				ALWAYS_EMBED_SWIFT_STANDARD_LIBRARIES = YES;
				BUNDLE_LOADER = "$(TEST_HOST)";
				CODE_SIGN_STYLE = Automatic;
				CURRENT_PROJECT_VERSION = 1;
				DEVELOPMENT_TEAM = BU499UN6DZ;
				GENERATE_INFOPLIST_FILE = YES;
				IPHONEOS_DEPLOYMENT_TARGET = 16.4;
				MARKETING_VERSION = 1.0;
				PRODUCT_BUNDLE_IDENTIFIER = com.nyaradzobere.ThatGirlTests;
				PRODUCT_NAME = "$(TARGET_NAME)";
				SWIFT_EMIT_LOC_STRINGS = NO;
				SWIFT_VERSION = 5.0;
				TARGETED_DEVICE_FAMILY = "1,2";
				TEST_HOST = "$(BUILT_PRODUCTS_DIR)/ThatGirl.app/$(BUNDLE_EXECUTABLE_FOLDER_PATH)/ThatGirl";
			};
			name = Release;
		};
		71EFD7A52B5C93280009A342 /* Debug */ = {
			isa = XCBuildConfiguration;
			buildSettings = {
				ALWAYS_EMBED_SWIFT_STANDARD_LIBRARIES = YES;
				CODE_SIGN_STYLE = Automatic;
				CURRENT_PROJECT_VERSION = 1;
				DEVELOPMENT_TEAM = BU499UN6DZ;
				GENERATE_INFOPLIST_FILE = YES;
				MARKETING_VERSION = 1.0;
				PRODUCT_BUNDLE_IDENTIFIER = com.nyaradzobere.ThatGirlUITests;
				PRODUCT_NAME = "$(TARGET_NAME)";
				SWIFT_EMIT_LOC_STRINGS = NO;
				SWIFT_VERSION = 5.0;
				TARGETED_DEVICE_FAMILY = "1,2";
				TEST_TARGET_NAME = ThatGirl;
			};
			name = Debug;
		};
		71EFD7A62B5C93280009A342 /* Release */ = {
			isa = XCBuildConfiguration;
			buildSettings = {
				ALWAYS_EMBED_SWIFT_STANDARD_LIBRARIES = YES;
				CODE_SIGN_STYLE = Automatic;
				CURRENT_PROJECT_VERSION = 1;
				DEVELOPMENT_TEAM = BU499UN6DZ;
				GENERATE_INFOPLIST_FILE = YES;
				MARKETING_VERSION = 1.0;
				PRODUCT_BUNDLE_IDENTIFIER = com.nyaradzobere.ThatGirlUITests;
				PRODUCT_NAME = "$(TARGET_NAME)";
				SWIFT_EMIT_LOC_STRINGS = NO;
				SWIFT_VERSION = 5.0;
				TARGETED_DEVICE_FAMILY = "1,2";
				TEST_TARGET_NAME = ThatGirl;
			};
			name = Release;
		};
/* End XCBuildConfiguration section */

/* Begin XCConfigurationList section */
		71EFD7752B5C93270009A342 /* Build configuration list for PBXProject "ThatGirl" */ = {
			isa = XCConfigurationList;
			buildConfigurations = (
				71EFD79C2B5C93280009A342 /* Debug */,
				71EFD79D2B5C93280009A342 /* Release */,
			);
			defaultConfigurationIsVisible = 0;
			defaultConfigurationName = Release;
		};
		71EFD79E2B5C93280009A342 /* Build configuration list for PBXNativeTarget "ThatGirl" */ = {
			isa = XCConfigurationList;
			buildConfigurations = (
				71EFD79F2B5C93280009A342 /* Debug */,
				71EFD7A02B5C93280009A342 /* Release */,
			);
			defaultConfigurationIsVisible = 0;
			defaultConfigurationName = Release;
		};
		71EFD7A12B5C93280009A342 /* Build configuration list for PBXNativeTarget "ThatGirlTests" */ = {
			isa = XCConfigurationList;
			buildConfigurations = (
				71EFD7A22B5C93280009A342 /* Debug */,
				71EFD7A32B5C93280009A342 /* Release */,
			);
			defaultConfigurationIsVisible = 0;
			defaultConfigurationName = Release;
		};
		71EFD7A42B5C93280009A342 /* Build configuration list for PBXNativeTarget "ThatGirlUITests" */ = {
			isa = XCConfigurationList;
			buildConfigurations = (
				71EFD7A52B5C93280009A342 /* Debug */,
				71EFD7A62B5C93280009A342 /* Release */,
			);
			defaultConfigurationIsVisible = 0;
			defaultConfigurationName = Release;
		};
/* End XCConfigurationList section */

/* Begin XCRemoteSwiftPackageReference section */
		71EFD7A92B5C94040009A342 /* XCRemoteSwiftPackageReference "firebase-ios-sdk" */ = {
			isa = XCRemoteSwiftPackageReference;
			repositoryURL = "https://github.com/firebase/firebase-ios-sdk.git";
			requirement = {
				kind = upToNextMajorVersion;
				minimumVersion = 10.0.0;
			};
		};
/* End XCRemoteSwiftPackageReference section */

/* Begin XCSwiftPackageProductDependency section */
		71EFD7AA2B5C94040009A342 /* FirebaseAnalytics */ = {
			isa = XCSwiftPackageProductDependency;
			package = 71EFD7A92B5C94040009A342 /* XCRemoteSwiftPackageReference "firebase-ios-sdk" */;
			productName = FirebaseAnalytics;
		};
		71EFD7AC2B5C94040009A342 /* FirebaseAnalyticsSwift */ = {
			isa = XCSwiftPackageProductDependency;
			package = 71EFD7A92B5C94040009A342 /* XCRemoteSwiftPackageReference "firebase-ios-sdk" */;
			productName = FirebaseAnalyticsSwift;
		};
		71EFD7AE2B5C94040009A342 /* FirebaseAuth */ = {
			isa = XCSwiftPackageProductDependency;
			package = 71EFD7A92B5C94040009A342 /* XCRemoteSwiftPackageReference "firebase-ios-sdk" */;
			productName = FirebaseAuth;
		};
		71EFD7B02B5C94040009A342 /* FirebaseDatabase */ = {
			isa = XCSwiftPackageProductDependency;
			package = 71EFD7A92B5C94040009A342 /* XCRemoteSwiftPackageReference "firebase-ios-sdk" */;
			productName = FirebaseDatabase;
		};
		71EFD7B22B5C94040009A342 /* FirebaseDatabaseSwift */ = {
			isa = XCSwiftPackageProductDependency;
			package = 71EFD7A92B5C94040009A342 /* XCRemoteSwiftPackageReference "firebase-ios-sdk" */;
			productName = FirebaseDatabaseSwift;
		};
		71EFD7B42B5C94040009A342 /* FirebaseFirestore */ = {
			isa = XCSwiftPackageProductDependency;
			package = 71EFD7A92B5C94040009A342 /* XCRemoteSwiftPackageReference "firebase-ios-sdk" */;
			productName = FirebaseFirestore;
		};
		71EFD7B62B5C94040009A342 /* FirebaseFirestoreSwift */ = {
			isa = XCSwiftPackageProductDependency;
			package = 71EFD7A92B5C94040009A342 /* XCRemoteSwiftPackageReference "firebase-ios-sdk" */;
			productName = FirebaseFirestoreSwift;
		};
		71EFD7B82B5C94040009A342 /* FirebaseInAppMessaging-Beta */ = {
			isa = XCSwiftPackageProductDependency;
			package = 71EFD7A92B5C94040009A342 /* XCRemoteSwiftPackageReference "firebase-ios-sdk" */;
			productName = "FirebaseInAppMessaging-Beta";
		};
		71EFD7BA2B5C94040009A342 /* FirebaseInAppMessagingSwift-Beta */ = {
			isa = XCSwiftPackageProductDependency;
			package = 71EFD7A92B5C94040009A342 /* XCRemoteSwiftPackageReference "firebase-ios-sdk" */;
			productName = "FirebaseInAppMessagingSwift-Beta";
		};
		71EFD7BC2B5C94040009A342 /* FirebaseMessaging */ = {
			isa = XCSwiftPackageProductDependency;
			package = 71EFD7A92B5C94040009A342 /* XCRemoteSwiftPackageReference "firebase-ios-sdk" */;
			productName = FirebaseMessaging;
		};
		71EFD7BE2B5C94040009A342 /* FirebaseStorage */ = {
			isa = XCSwiftPackageProductDependency;
			package = 71EFD7A92B5C94040009A342 /* XCRemoteSwiftPackageReference "firebase-ios-sdk" */;
			productName = FirebaseStorage;
		};
/* End XCSwiftPackageProductDependency section */
	};
	rootObject = 71EFD7722B5C93270009A342 /* Project object */;
}
